
Microsoft Visual Studio Solution File, Format Version 12.00
# Visual Studio Version 17
VisualStudioVersion = 17.7.34031.279
MinimumVisualStudioVersion = 10.0.40219.1
Project("{F184B08F-C81C-45F6-A57F-5ABD9991F28F}") = "WinFormsApp1", "WinFormsApp1\WinFormsApp1.vbproj", "{F39885BF-07A0-4970-9506-A292B6BC9719}"
EndProject
Global
	GlobalSection(SolutionConfigurationPlatforms) = preSolution
		Debug|Any CPU = Debug|Any CPU
		Release|Any CPU = Release|Any CPU
	EndGlobalSection
	GlobalSection(ProjectConfigurationPlatforms) = postSolution
		{F39885BF-07A0-4970-9506-A292B6BC9719}.Debug|Any CPU.ActiveCfg = Debug|Any CPU
		{F39885BF-07A0-4970-9506-A292B6BC9719}.Debug|Any CPU.Build.0 = Debug|Any CPU
		{F39885BF-07A0-4970-9506-A292B6BC9719}.Release|Any CPU.ActiveCfg = Release|Any CPU
		{F39885BF-07A0-4970-9506-A292B6BC9719}.Release|Any CPU.Build.0 = Release|Any CPU
	EndGlobalSection
	GlobalSection(SolutionProperties) = preSolution
		HideSolutionNode = FALSE
	EndGlobalSection
	GlobalSection(ExtensibilityGlobals) = postSolution
		SolutionGuid = {E7E2A49D-2C78-4319-BA8B-71A2F8E429BB}
	EndGlobalSection
EndGlobal
